
Microsoft Visual Studio Solution File, Format Version 12.00
# Visual Studio 14
VisualStudioVersion = 14.0.25420.1
MinimumVisualStudioVersion = 10.0.40219.1
Project("{FAE04EC0-301F-11D3-BF4B-00C04F79EFBC}") = "HelpdeskDAL", "HelpdeskDAL\HelpdeskDAL.csproj", "{C08CD5FA-6959-4905-8FE0-3ED82D191D60}"
EndProject
Project("{FAE04EC0-301F-11D3-BF4B-00C04F79EFBC}") = "Case1UnitTests", "Case1UnitTests\Case1UnitTests.csproj", "{CA6F4AE7-8E43-44DB-BC11-AA0E769C40ED}"
EndProject
Project("{FAE04EC0-301F-11D3-BF4B-00C04F79EFBC}") = "HelpdeskViewModels", "HelpdeskViewModels\HelpdeskViewModels.csproj", "{6F619B9C-79F4-441F-AB51-ED026E2F56DA}"
EndProject
Project("{FAE04EC0-301F-11D3-BF4B-00C04F79EFBC}") = "HelpdeskWebsite", "HelpdeskWebsite\HelpdeskWebsite.csproj", "{88A693DA-7A0B-43D6-AAE4-2080F708C1B4}"
EndProject
Project("{FAE04EC0-301F-11D3-BF4B-00C04F79EFBC}") = "Case1UnitTest", "Case1UnitTest\Case1UnitTest.csproj", "{E32C7097-D90A-417B-BEB6-1A4C404BD59B}"
EndProject
Global
	GlobalSection(SolutionConfigurationPlatforms) = preSolution
		Debug|Any CPU = Debug|Any CPU
		Release|Any CPU = Release|Any CPU
	EndGlobalSection
	GlobalSection(ProjectConfigurationPlatforms) = postSolution
		{C08CD5FA-6959-4905-8FE0-3ED82D191D60}.Debug|Any CPU.ActiveCfg = Debug|Any CPU
		{C08CD5FA-6959-4905-8FE0-3ED82D191D60}.Debug|Any CPU.Build.0 = Debug|Any CPU
		{C08CD5FA-6959-4905-8FE0-3ED82D191D60}.Release|Any CPU.ActiveCfg = Release|Any CPU
		{C08CD5FA-6959-4905-8FE0-3ED82D191D60}.Release|Any CPU.Build.0 = Release|Any CPU
		{CA6F4AE7-8E43-44DB-BC11-AA0E769C40ED}.Debug|Any CPU.ActiveCfg = Debug|Any CPU
		{CA6F4AE7-8E43-44DB-BC11-AA0E769C40ED}.Debug|Any CPU.Build.0 = Debug|Any CPU
		{CA6F4AE7-8E43-44DB-BC11-AA0E769C40ED}.Release|Any CPU.ActiveCfg = Release|Any CPU
		{CA6F4AE7-8E43-44DB-BC11-AA0E769C40ED}.Release|Any CPU.Build.0 = Release|Any CPU
		{6F619B9C-79F4-441F-AB51-ED026E2F56DA}.Debug|Any CPU.ActiveCfg = Debug|Any CPU
		{6F619B9C-79F4-441F-AB51-ED026E2F56DA}.Debug|Any CPU.Build.0 = Debug|Any CPU
		{6F619B9C-79F4-441F-AB51-ED026E2F56DA}.Release|Any CPU.ActiveCfg = Release|Any CPU
		{6F619B9C-79F4-441F-AB51-ED026E2F56DA}.Release|Any CPU.Build.0 = Release|Any CPU
		{88A693DA-7A0B-43D6-AAE4-2080F708C1B4}.Debug|Any CPU.ActiveCfg = Debug|Any CPU
		{88A693DA-7A0B-43D6-AAE4-2080F708C1B4}.Debug|Any CPU.Build.0 = Debug|Any CPU
		{88A693DA-7A0B-43D6-AAE4-2080F708C1B4}.Release|Any CPU.ActiveCfg = Release|Any CPU
		{88A693DA-7A0B-43D6-AAE4-2080F708C1B4}.Release|Any CPU.Build.0 = Release|Any CPU
		{E32C7097-D90A-417B-BEB6-1A4C404BD59B}.Debug|Any CPU.ActiveCfg = Debug|Any CPU
		{E32C7097-D90A-417B-BEB6-1A4C404BD59B}.Debug|Any CPU.Build.0 = Debug|Any CPU
		{E32C7097-D90A-417B-BEB6-1A4C404BD59B}.Release|Any CPU.ActiveCfg = Release|Any CPU
		{E32C7097-D90A-417B-BEB6-1A4C404BD59B}.Release|Any CPU.Build.0 = Release|Any CPU
	EndGlobalSection
	GlobalSection(SolutionProperties) = preSolution
		HideSolutionNode = FALSE
	EndGlobalSection
EndGlobal
